
Microsoft Visual Studio Solution File, Format Version 12.00
# Visual Studio Version 17
VisualStudioVersion = 17.10.35004.147
MinimumVisualStudioVersion = 10.0.40219.1
Project("{FAE04EC0-301F-11D3-BF4B-00C04F79EFBC}") = "DepiProject", "DepiProject\DepiProject.csproj", "{68F91044-B436-491B-B979-DBDCF25D49E6}"
EndProject
Global
	GlobalSection(SolutionConfigurationPlatforms) = preSolution
		Debug|Any CPU = Debug|Any CPU
		Release|Any CPU = Release|Any CPU
	EndGlobalSection
	GlobalSection(ProjectConfigurationPlatforms) = postSolution
		{68F91044-B436-491B-B979-DBDCF25D49E6}.Debug|Any CPU.ActiveCfg = Debug|Any CPU
		{68F91044-B436-491B-B979-DBDCF25D49E6}.Debug|Any CPU.Build.0 = Debug|Any CPU
		{68F91044-B436-491B-B979-DBDCF25D49E6}.Release|Any CPU.ActiveCfg = Release|Any CPU
		{68F91044-B436-491B-B979-DBDCF25D49E6}.Release|Any CPU.Build.0 = Release|Any CPU
	EndGlobalSection
	GlobalSection(SolutionProperties) = preSolution
		HideSolutionNode = FALSE
	EndGlobalSection
	GlobalSection(ExtensibilityGlobals) = postSolution
		SolutionGuid = {4E8E804F-0403-49BC-9CF5-2B2473267089}
	EndGlobalSection
EndGlobal
